
Microsoft Visual Studio Solution File, Format Version 12.00
Project("{FAE04EC0-301F-11D3-BF4B-00C04F79EFBC}") = "demo", "demo.csproj", "{395FB2A5-0D04-42C5-8392-2C4849C7915A}"
EndProject
Global
	GlobalSection(SolutionConfigurationPlatforms) = preSolution
		Debug|Any CPU = Debug|Any CPU
		Release|Any CPU = Release|Any CPU
	EndGlobalSection
	GlobalSection(ProjectConfigurationPlatforms) = postSolution
		{395FB2A5-0D04-42C5-8392-2C4849C7915A}.Debug|Any CPU.ActiveCfg = Debug|Any CPU
		{395FB2A5-0D04-42C5-8392-2C4849C7915A}.Debug|Any CPU.Build.0 = Debug|Any CPU
		{395FB2A5-0D04-42C5-8392-2C4849C7915A}.Release|Any CPU.ActiveCfg = Release|Any CPU
		{395FB2A5-0D04-42C5-8392-2C4849C7915A}.Release|Any CPU.Build.0 = Release|Any CPU
	EndGlobalSection
EndGlobal
